
Microsoft Visual Studio Solution File, Format Version 12.00
# Visual Studio Version 17
VisualStudioVersion = 17.4.33205.214
MinimumVisualStudioVersion = 10.0.40219.1
Project("{FAE04EC0-301F-11D3-BF4B-00C04F79EFBC}") = "CardApi", "CardApi\CardApi.csproj", "{04FD2885-F535-47E2-910D-AB06ACB3C7E5}"
EndProject
Global
	GlobalSection(SolutionConfigurationPlatforms) = preSolution
		Debug|Any CPU = Debug|Any CPU
		Release|Any CPU = Release|Any CPU
	EndGlobalSection
	GlobalSection(ProjectConfigurationPlatforms) = postSolution
		{04FD2885-F535-47E2-910D-AB06ACB3C7E5}.Debug|Any CPU.ActiveCfg = Debug|Any CPU
		{04FD2885-F535-47E2-910D-AB06ACB3C7E5}.Debug|Any CPU.Build.0 = Debug|Any CPU
		{04FD2885-F535-47E2-910D-AB06ACB3C7E5}.Release|Any CPU.ActiveCfg = Release|Any CPU
		{04FD2885-F535-47E2-910D-AB06ACB3C7E5}.Release|Any CPU.Build.0 = Release|Any CPU
	EndGlobalSection
	GlobalSection(SolutionProperties) = preSolution
		HideSolutionNode = FALSE
	EndGlobalSection
	GlobalSection(ExtensibilityGlobals) = postSolution
		SolutionGuid = {05ADD551-7D68-4C34-8656-4BA14E4EA9F6}
	EndGlobalSection
EndGlobal
